
Microsoft Visual Studio Solution File, Format Version 12.00
# Visual Studio Version 17
VisualStudioVersion = 17.3.32825.248
MinimumVisualStudioVersion = 10.0.40219.1
Project("{FAE04EC0-301F-11D3-BF4B-00C04F79EFBC}") = "Birb", "Birb\Birb.csproj", "{40146733-1BD3-41EB-BB9F-AEB48AC368C8}"
EndProject
Global
	GlobalSection(SolutionConfigurationPlatforms) = preSolution
		Debug|Any CPU = Debug|Any CPU
		Release|Any CPU = Release|Any CPU
	EndGlobalSection
	GlobalSection(ProjectConfigurationPlatforms) = postSolution
		{40146733-1BD3-41EB-BB9F-AEB48AC368C8}.Debug|Any CPU.ActiveCfg = Debug|Any CPU
		{40146733-1BD3-41EB-BB9F-AEB48AC368C8}.Debug|Any CPU.Build.0 = Debug|Any CPU
		{40146733-1BD3-41EB-BB9F-AEB48AC368C8}.Release|Any CPU.ActiveCfg = Release|Any CPU
		{40146733-1BD3-41EB-BB9F-AEB48AC368C8}.Release|Any CPU.Build.0 = Release|Any CPU
	EndGlobalSection
	GlobalSection(SolutionProperties) = preSolution
		HideSolutionNode = FALSE
	EndGlobalSection
	GlobalSection(ExtensibilityGlobals) = postSolution
		SolutionGuid = {DF3ABB13-5C34-430F-8BB7-DE32BAE7EC44}
	EndGlobalSection
EndGlobal
